
Microsoft Visual Studio Solution File, Format Version 12.00
# Visual Studio Version 17
VisualStudioVersion = 17.9.34723.18
MinimumVisualStudioVersion = 10.0.40219.1
Project("{888888A0-9F3D-457C-B088-3A5042F75D52}") = "PierwszeZajecia", "PierwszeZajecia\PierwszeZajecia.pyproj", "{A73E7A6E-C35B-40E3-9471-BA7BF055C14F}"
EndProject
Global
	GlobalSection(SolutionConfigurationPlatforms) = preSolution
		Debug|Any CPU = Debug|Any CPU
		Release|Any CPU = Release|Any CPU
	EndGlobalSection
	GlobalSection(ProjectConfigurationPlatforms) = postSolution
		{A73E7A6E-C35B-40E3-9471-BA7BF055C14F}.Debug|Any CPU.ActiveCfg = Debug|Any CPU
		{A73E7A6E-C35B-40E3-9471-BA7BF055C14F}.Release|Any CPU.ActiveCfg = Release|Any CPU
	EndGlobalSection
	GlobalSection(SolutionProperties) = preSolution
		HideSolutionNode = FALSE
	EndGlobalSection
	GlobalSection(ExtensibilityGlobals) = postSolution
		SolutionGuid = {5F08374C-7114-4A84-93C5-6E86706C9D4D}
	EndGlobalSection
EndGlobal
